# This file is autogenerated, do not edit; changes may be undone by the next 'dep ensure'.


[[projects]]
  branch = "master"
  name = "github.com/martinlindhe/google-geolocate"
  packages = ["."]
  revision = "fec8026db9026dada7cef0caa14c7270c53598ca"

[[projects]]
  branch = "master"
  name = "golang.org/x/net"
  packages = ["context","context/ctxhttp"]
  revision = "5ccada7d0a7ba9aeb5d3aca8d3501b4c2a509fec"

[[projects]]
  branch = "master"
  name = "googlemaps.github.io/maps"
  packages = [".","internal"]
  revision = "61301add2e62745d65ac52712e30f68faeabfc8b"

[solve-meta]
  analyzer-name = "dep"
  analyzer-version = 1
  inputs-digest = "2a4f6bb2b0bf4d15b1879a828684049e90f5c64ab02f575300811dbb9895a642"
  solver-name = "gps-cdcl"
  solver-version = 1
